
Microsoft Visual Studio Solution File, Format Version 12.00
# Visual Studio Version 17
VisualStudioVersion = 17.9.34728.123
MinimumVisualStudioVersion = 10.0.40219.1
Project("{FAE04EC0-301F-11D3-BF4B-00C04F79EFBC}") = "Laboratorio-07", "Laboratorio-07.csproj", "{ADFCA587-EF45-4628-9E21-93A0DA2FAFD1}"
EndProject
Global
	GlobalSection(SolutionConfigurationPlatforms) = preSolution
		Debug|Any CPU = Debug|Any CPU
		Release|Any CPU = Release|Any CPU
	EndGlobalSection
	GlobalSection(ProjectConfigurationPlatforms) = postSolution
		{ADFCA587-EF45-4628-9E21-93A0DA2FAFD1}.Debug|Any CPU.ActiveCfg = Debug|Any CPU
		{ADFCA587-EF45-4628-9E21-93A0DA2FAFD1}.Debug|Any CPU.Build.0 = Debug|Any CPU
		{ADFCA587-EF45-4628-9E21-93A0DA2FAFD1}.Release|Any CPU.ActiveCfg = Release|Any CPU
		{ADFCA587-EF45-4628-9E21-93A0DA2FAFD1}.Release|Any CPU.Build.0 = Release|Any CPU
	EndGlobalSection
	GlobalSection(SolutionProperties) = preSolution
		HideSolutionNode = FALSE
	EndGlobalSection
	GlobalSection(ExtensibilityGlobals) = postSolution
		SolutionGuid = {4A62FF0F-97FF-4CA0-922F-78B67219AEFF}
	EndGlobalSection
EndGlobal
