
Microsoft Visual Studio Solution File, Format Version 12.00
# Visual Studio Version 17
VisualStudioVersion = 17.9.34728.123
MinimumVisualStudioVersion = 10.0.40219.1
Project("{9A19103F-16F7-4668-BE54-9A1E7A4F7556}") = "Laboratorio-1", "Laboratorio1\Laboratorio-1.csproj", "{201986C3-622A-459F-ACB3-900106C6F09E}"
EndProject
Project("{9A19103F-16F7-4668-BE54-9A1E7A4F7556}") = "Laboratorio-3", "Laboratorio-3\Laboratorio-3.csproj", "{A340E4F9-AA22-4291-8FE3-4B1D5BB634C3}"
EndProject
Project("{9A19103F-16F7-4668-BE54-9A1E7A4F7556}") = "Laboratorio-4", "Laboratorio-4\Laboratorio-4.csproj", "{C9B1DA9F-7673-4154-97A6-EFFA3EE3DFDC}"
EndProject
Project("{9A19103F-16F7-4668-BE54-9A1E7A4F7556}") = "Laboratorio(Arreglos-Matrices)", "Laboratorio(Arreglos-Matrices)\Laboratorio(Arreglos-Matrices).csproj", "{CFDB70E2-8814-4948-8625-846A4A043F20}"
EndProject
Project("{9A19103F-16F7-4668-BE54-9A1E7A4F7556}") = "Laboratorio()", "Laboratorio()\Laboratorio().csproj", "{F8E8FE88-7738-4DB2-8994-EC8428B3FEE2}"
EndProject
Project("{9A19103F-16F7-4668-BE54-9A1E7A4F7556}") = "Examen-Laboratorio", "Examen-Laboratorio\Examen-Laboratorio.csproj", "{1523F23B-2F5B-4D03-9D6C-477EE682414F}"
EndProject
Project("{FAE04EC0-301F-11D3-BF4B-00C04F79EFBC}") = "laboratorio08", "laboratorio08\laboratorio08.csproj", "{4BB4944F-934A-404D-8E9B-2CADB40A5F87}"
EndProject
Global
	GlobalSection(SolutionConfigurationPlatforms) = preSolution
		Debug|Any CPU = Debug|Any CPU
		Release|Any CPU = Release|Any CPU
	EndGlobalSection
	GlobalSection(ProjectConfigurationPlatforms) = postSolution
		{201986C3-622A-459F-ACB3-900106C6F09E}.Debug|Any CPU.ActiveCfg = Debug|Any CPU
		{201986C3-622A-459F-ACB3-900106C6F09E}.Debug|Any CPU.Build.0 = Debug|Any CPU
		{201986C3-622A-459F-ACB3-900106C6F09E}.Release|Any CPU.ActiveCfg = Release|Any CPU
		{201986C3-622A-459F-ACB3-900106C6F09E}.Release|Any CPU.Build.0 = Release|Any CPU
		{A340E4F9-AA22-4291-8FE3-4B1D5BB634C3}.Debug|Any CPU.ActiveCfg = Debug|Any CPU
		{A340E4F9-AA22-4291-8FE3-4B1D5BB634C3}.Debug|Any CPU.Build.0 = Debug|Any CPU
		{A340E4F9-AA22-4291-8FE3-4B1D5BB634C3}.Release|Any CPU.ActiveCfg = Release|Any CPU
		{A340E4F9-AA22-4291-8FE3-4B1D5BB634C3}.Release|Any CPU.Build.0 = Release|Any CPU
		{C9B1DA9F-7673-4154-97A6-EFFA3EE3DFDC}.Debug|Any CPU.ActiveCfg = Debug|Any CPU
		{C9B1DA9F-7673-4154-97A6-EFFA3EE3DFDC}.Debug|Any CPU.Build.0 = Debug|Any CPU
		{C9B1DA9F-7673-4154-97A6-EFFA3EE3DFDC}.Release|Any CPU.ActiveCfg = Release|Any CPU
		{C9B1DA9F-7673-4154-97A6-EFFA3EE3DFDC}.Release|Any CPU.Build.0 = Release|Any CPU
		{CFDB70E2-8814-4948-8625-846A4A043F20}.Debug|Any CPU.ActiveCfg = Debug|Any CPU
		{CFDB70E2-8814-4948-8625-846A4A043F20}.Debug|Any CPU.Build.0 = Debug|Any CPU
		{CFDB70E2-8814-4948-8625-846A4A043F20}.Release|Any CPU.ActiveCfg = Release|Any CPU
		{CFDB70E2-8814-4948-8625-846A4A043F20}.Release|Any CPU.Build.0 = Release|Any CPU
		{F8E8FE88-7738-4DB2-8994-EC8428B3FEE2}.Debug|Any CPU.ActiveCfg = Debug|Any CPU
		{F8E8FE88-7738-4DB2-8994-EC8428B3FEE2}.Debug|Any CPU.Build.0 = Debug|Any CPU
		{F8E8FE88-7738-4DB2-8994-EC8428B3FEE2}.Release|Any CPU.ActiveCfg = Release|Any CPU
		{F8E8FE88-7738-4DB2-8994-EC8428B3FEE2}.Release|Any CPU.Build.0 = Release|Any CPU
		{1523F23B-2F5B-4D03-9D6C-477EE682414F}.Debug|Any CPU.ActiveCfg = Debug|Any CPU
		{1523F23B-2F5B-4D03-9D6C-477EE682414F}.Debug|Any CPU.Build.0 = Debug|Any CPU
		{1523F23B-2F5B-4D03-9D6C-477EE682414F}.Release|Any CPU.ActiveCfg = Release|Any CPU
		{1523F23B-2F5B-4D03-9D6C-477EE682414F}.Release|Any CPU.Build.0 = Release|Any CPU
		{4BB4944F-934A-404D-8E9B-2CADB40A5F87}.Debug|Any CPU.ActiveCfg = Debug|Any CPU
		{4BB4944F-934A-404D-8E9B-2CADB40A5F87}.Debug|Any CPU.Build.0 = Debug|Any CPU
		{4BB4944F-934A-404D-8E9B-2CADB40A5F87}.Release|Any CPU.ActiveCfg = Release|Any CPU
		{4BB4944F-934A-404D-8E9B-2CADB40A5F87}.Release|Any CPU.Build.0 = Release|Any CPU
	EndGlobalSection
	GlobalSection(SolutionProperties) = preSolution
		HideSolutionNode = FALSE
	EndGlobalSection
	GlobalSection(ExtensibilityGlobals) = postSolution
		SolutionGuid = {56426FFD-2B44-4345-A462-7F3A25676C28}
	EndGlobalSection
EndGlobal
